
Microsoft Visual Studio Solution File, Format Version 12.00
# Visual Studio Version 17
VisualStudioVersion = 17.5.002.0
MinimumVisualStudioVersion = 10.0.40219.1
Project("{9A19103F-16F7-4668-BE54-9A1E7A4F7556}") = "Occhitta.Libraries.Common.Code", "Source.Code\Occhitta.Libraries.Common.Code.csproj", "{D355BE2E-AC17-4C39-A13A-6EC32AAEE883}"
EndProject
Project("{FAE04EC0-301F-11D3-BF4B-00C04F79EFBC}") = "Occhitta.Libraries.Common.Test", "Source.Test\Occhitta.Libraries.Common.Test.csproj", "{27508A26-90C2-4D21-9606-FEB4266025BF}"
EndProject
Global
	GlobalSection(SolutionConfigurationPlatforms) = preSolution
		Debug|Any CPU = Debug|Any CPU
		Release|Any CPU = Release|Any CPU
	EndGlobalSection
	GlobalSection(ProjectConfigurationPlatforms) = postSolution
		{D355BE2E-AC17-4C39-A13A-6EC32AAEE883}.Debug|Any CPU.ActiveCfg = Debug|Any CPU
		{D355BE2E-AC17-4C39-A13A-6EC32AAEE883}.Debug|Any CPU.Build.0 = Debug|Any CPU
		{D355BE2E-AC17-4C39-A13A-6EC32AAEE883}.Release|Any CPU.ActiveCfg = Release|Any CPU
		{D355BE2E-AC17-4C39-A13A-6EC32AAEE883}.Release|Any CPU.Build.0 = Release|Any CPU
		{27508A26-90C2-4D21-9606-FEB4266025BF}.Debug|Any CPU.ActiveCfg = Debug|Any CPU
		{27508A26-90C2-4D21-9606-FEB4266025BF}.Debug|Any CPU.Build.0 = Debug|Any CPU
		{27508A26-90C2-4D21-9606-FEB4266025BF}.Release|Any CPU.ActiveCfg = Release|Any CPU
		{27508A26-90C2-4D21-9606-FEB4266025BF}.Release|Any CPU.Build.0 = Release|Any CPU
	EndGlobalSection
	GlobalSection(SolutionProperties) = preSolution
		HideSolutionNode = FALSE
	EndGlobalSection
	GlobalSection(ExtensibilityGlobals) = postSolution
		SolutionGuid = {492FB442-C34F-4A0D-82B9-B911973DEF6F}
	EndGlobalSection
EndGlobal
